
Microsoft Visual Studio Solution File, Format Version 12.00
# Visual Studio Version 17
VisualStudioVersion = 17.11.35327.3
MinimumVisualStudioVersion = 10.0.40219.1
Project("{9A19103F-16F7-4668-BE54-9A1E7A4F7556}") = "EntityFrameworkCore.SqlServer.StoredProcedure", "EntityFrameworkCore.SqlServer.StoredProcedure\EntityFrameworkCore.SqlServer.StoredProcedure.csproj", "{D1EF098A-82E2-49B3-88E0-E6FBE5798D07}"
EndProject
Global
	GlobalSection(SolutionConfigurationPlatforms) = preSolution
		Debug|Any CPU = Debug|Any CPU
		Release|Any CPU = Release|Any CPU
	EndGlobalSection
	GlobalSection(ProjectConfigurationPlatforms) = postSolution
		{D1EF098A-82E2-49B3-88E0-E6FBE5798D07}.Debug|Any CPU.ActiveCfg = Debug|Any CPU
		{D1EF098A-82E2-49B3-88E0-E6FBE5798D07}.Debug|Any CPU.Build.0 = Debug|Any CPU
		{D1EF098A-82E2-49B3-88E0-E6FBE5798D07}.Release|Any CPU.ActiveCfg = Release|Any CPU
		{D1EF098A-82E2-49B3-88E0-E6FBE5798D07}.Release|Any CPU.Build.0 = Release|Any CPU
	EndGlobalSection
	GlobalSection(SolutionProperties) = preSolution
		HideSolutionNode = FALSE
	EndGlobalSection
	GlobalSection(ExtensibilityGlobals) = postSolution
		SolutionGuid = {30883C21-6342-4D69-A59A-3D2C0CECAA77}
	EndGlobalSection
EndGlobal
